
Microsoft Visual Studio Solution File, Format Version 12.00
# Visual Studio Version 18
VisualStudioVersion = 18.6.11806.211 stable
MinimumVisualStudioVersion = 10.0.40219.1
Project("{9A19103F-16F7-4668-BE54-9A1E7A4F7556}") = "EmailSwitch", "EmailSwitch\EmailSwitch.csproj", "{FB7E548B-C484-4DF5-A572-37ACF8D26C5A}"
EndProject
Project("{2150E333-8FDC-42A3-9474-1A3956D46DE8}") = "SolutionFiles", "SolutionFiles", "{9DFCE29A-A519-4C74-899E-D5CE590286A1}"
	ProjectSection(SolutionItems) = preProject
		CLAUDE.md = CLAUDE.md
		LICENSE = LICENSE
		README.md = README.md
		.github\workflows\release.yml = .github\workflows\release.yml
	EndProjectSection
EndProject
Project("{FAE04EC0-301F-11D3-BF4B-00C04F79EFBC}") = "EmailSwitch.Tests", "EmailSwitch.Tests\EmailSwitch.Tests.csproj", "{8A8EF1BE-6262-4578-87C7-A1E4798F5A30}"
EndProject
Global
	GlobalSection(SolutionConfigurationPlatforms) = preSolution
		Debug|Any CPU = Debug|Any CPU
		Debug|x64 = Debug|x64
		Debug|x86 = Debug|x86
		Release|Any CPU = Release|Any CPU
		Release|x64 = Release|x64
		Release|x86 = Release|x86
	EndGlobalSection
	GlobalSection(ProjectConfigurationPlatforms) = postSolution
		{FB7E548B-C484-4DF5-A572-37ACF8D26C5A}.Debug|Any CPU.ActiveCfg = Debug|Any CPU
		{FB7E548B-C484-4DF5-A572-37ACF8D26C5A}.Debug|Any CPU.Build.0 = Debug|Any CPU
		{FB7E548B-C484-4DF5-A572-37ACF8D26C5A}.Debug|x64.ActiveCfg = Debug|Any CPU
		{FB7E548B-C484-4DF5-A572-37ACF8D26C5A}.Debug|x64.Build.0 = Debug|Any CPU
		{FB7E548B-C484-4DF5-A572-37ACF8D26C5A}.Debug|x86.ActiveCfg = Debug|Any CPU
		{FB7E548B-C484-4DF5-A572-37ACF8D26C5A}.Debug|x86.Build.0 = Debug|Any CPU
		{FB7E548B-C484-4DF5-A572-37ACF8D26C5A}.Release|Any CPU.ActiveCfg = Release|Any CPU
		{FB7E548B-C484-4DF5-A572-37ACF8D26C5A}.Release|Any CPU.Build.0 = Release|Any CPU
		{FB7E548B-C484-4DF5-A572-37ACF8D26C5A}.Release|x64.ActiveCfg = Release|Any CPU
		{FB7E548B-C484-4DF5-A572-37ACF8D26C5A}.Release|x64.Build.0 = Release|Any CPU
		{FB7E548B-C484-4DF5-A572-37ACF8D26C5A}.Release|x86.ActiveCfg = Release|Any CPU
		{FB7E548B-C484-4DF5-A572-37ACF8D26C5A}.Release|x86.Build.0 = Release|Any CPU
		{8A8EF1BE-6262-4578-87C7-A1E4798F5A30}.Debug|Any CPU.ActiveCfg = Debug|Any CPU
		{8A8EF1BE-6262-4578-87C7-A1E4798F5A30}.Debug|Any CPU.Build.0 = Debug|Any CPU
		{8A8EF1BE-6262-4578-87C7-A1E4798F5A30}.Debug|x64.ActiveCfg = Debug|Any CPU
		{8A8EF1BE-6262-4578-87C7-A1E4798F5A30}.Debug|x64.Build.0 = Debug|Any CPU
		{8A8EF1BE-6262-4578-87C7-A1E4798F5A30}.Debug|x86.ActiveCfg = Debug|Any CPU
		{8A8EF1BE-6262-4578-87C7-A1E4798F5A30}.Debug|x86.Build.0 = Debug|Any CPU
		{8A8EF1BE-6262-4578-87C7-A1E4798F5A30}.Release|Any CPU.ActiveCfg = Release|Any CPU
		{8A8EF1BE-6262-4578-87C7-A1E4798F5A30}.Release|Any CPU.Build.0 = Release|Any CPU
		{8A8EF1BE-6262-4578-87C7-A1E4798F5A30}.Release|x64.ActiveCfg = Release|Any CPU
		{8A8EF1BE-6262-4578-87C7-A1E4798F5A30}.Release|x64.Build.0 = Release|Any CPU
		{8A8EF1BE-6262-4578-87C7-A1E4798F5A30}.Release|x86.ActiveCfg = Release|Any CPU
		{8A8EF1BE-6262-4578-87C7-A1E4798F5A30}.Release|x86.Build.0 = Release|Any CPU
	EndGlobalSection
	GlobalSection(SolutionProperties) = preSolution
		HideSolutionNode = FALSE
	EndGlobalSection
	GlobalSection(ExtensibilityGlobals) = postSolution
		SolutionGuid = {64A7EAD2-494F-4BF4-836E-2B70638C61AB}
	EndGlobalSection
EndGlobal
